
Microsoft Visual Studio Solution File, Format Version 12.00
# Visual Studio Version 17
VisualStudioVersion = 17.0.31903.59
MinimumVisualStudioVersion = 10.0.40219.1
Project("{2150E333-8FDC-42A3-9474-1A3956D46DE8}") = "Backend", "Backend", "{5C8C698C-C4FE-40F5-8658-E22E9FF4EBAF}"
EndProject
Project("{2150E333-8FDC-42A3-9474-1A3956D46DE8}") = "src", "src", "{37CE3A93-453E-4767-92B4-89783771804D}"
EndProject
Project("{2150E333-8FDC-42A3-9474-1A3956D46DE8}") = "Core", "Core", "{3250B501-F887-4912-B961-063C589B52BF}"
EndProject
Project("{FAE04EC0-301F-11D3-BF4B-00C04F79EFBC}") = "DonghuaFlix.Core.Domain", "Backend\src\Core\Domain\DonghuaFlix.Core.Domain.csproj", "{AB953E50-3F1C-49EA-9426-E2C53F76CC17}"
EndProject
Project("{FAE04EC0-301F-11D3-BF4B-00C04F79EFBC}") = "DonghuaFlix", "Backend\src\DonghuaFlix.csproj", "{27E06562-827C-4FF0-A7C9-A3B0AD01B59E}"
EndProject
Global
	GlobalSection(SolutionConfigurationPlatforms) = preSolution
		Debug|Any CPU = Debug|Any CPU
		Release|Any CPU = Release|Any CPU
	EndGlobalSection
	GlobalSection(SolutionProperties) = preSolution
		HideSolutionNode = FALSE
	EndGlobalSection
	GlobalSection(ProjectConfigurationPlatforms) = postSolution
		{AB953E50-3F1C-49EA-9426-E2C53F76CC17}.Debug|Any CPU.ActiveCfg = Debug|Any CPU
		{AB953E50-3F1C-49EA-9426-E2C53F76CC17}.Debug|Any CPU.Build.0 = Debug|Any CPU
		{AB953E50-3F1C-49EA-9426-E2C53F76CC17}.Release|Any CPU.ActiveCfg = Release|Any CPU
		{AB953E50-3F1C-49EA-9426-E2C53F76CC17}.Release|Any CPU.Build.0 = Release|Any CPU
		{27E06562-827C-4FF0-A7C9-A3B0AD01B59E}.Debug|Any CPU.ActiveCfg = Debug|Any CPU
		{27E06562-827C-4FF0-A7C9-A3B0AD01B59E}.Debug|Any CPU.Build.0 = Debug|Any CPU
		{27E06562-827C-4FF0-A7C9-A3B0AD01B59E}.Release|Any CPU.ActiveCfg = Release|Any CPU
		{27E06562-827C-4FF0-A7C9-A3B0AD01B59E}.Release|Any CPU.Build.0 = Release|Any CPU
	EndGlobalSection
	GlobalSection(NestedProjects) = preSolution
		{37CE3A93-453E-4767-92B4-89783771804D} = {5C8C698C-C4FE-40F5-8658-E22E9FF4EBAF}
		{3250B501-F887-4912-B961-063C589B52BF} = {37CE3A93-453E-4767-92B4-89783771804D}
		{AB953E50-3F1C-49EA-9426-E2C53F76CC17} = {3250B501-F887-4912-B961-063C589B52BF}
		{27E06562-827C-4FF0-A7C9-A3B0AD01B59E} = {5C8C698C-C4FE-40F5-8658-E22E9FF4EBAF}
	EndGlobalSection
EndGlobal
