
Microsoft Visual Studio Solution File, Format Version 12.00
# Visual Studio Version 17
VisualStudioVersion = 17.0.31903.59
MinimumVisualStudioVersion = 10.0.40219.1
Project("{FAE04EC0-301F-11D3-BF4B-00C04F79EFBC}") = "DonghuaFlix", "src\DonghuaFlix.csproj", "{5D22CF4F-9E17-4894-B571-3F3396A3B4D8}"
EndProject
Project("{2150E333-8FDC-42A3-9474-1A3956D46DE8}") = "src", "src", "{A4F356A4-DA57-4973-8C8F-BBB3030D2494}"
EndProject
Project("{2150E333-8FDC-42A3-9474-1A3956D46DE8}") = "Core", "Core", "{A0FB3407-CB89-4607-8624-972334E1C70F}"
EndProject
Project("{FAE04EC0-301F-11D3-BF4B-00C04F79EFBC}") = "DonghuaFlix.Core.Domain", "src\Core\Domain\DonghuaFlix.Core.Domain.csproj", "{30FA8830-8590-4372-9DD3-5DDFB4102BC7}"
EndProject
Project("{2150E333-8FDC-42A3-9474-1A3956D46DE8}") = "tests", "tests", "{CD5E11FB-6385-44C0-894C-9C41E08C9873}"
EndProject
Project("{FAE04EC0-301F-11D3-BF4B-00C04F79EFBC}") = "DonghuaFlix.UnitTests", "tests\UnitTests\DonghuaFlix.UnitTests.csproj", "{68E25650-F957-44A1-9C78-C48520BC5600}"
EndProject
Global
	GlobalSection(SolutionConfigurationPlatforms) = preSolution
		Debug|Any CPU = Debug|Any CPU
		Release|Any CPU = Release|Any CPU
	EndGlobalSection
	GlobalSection(SolutionProperties) = preSolution
		HideSolutionNode = FALSE
	EndGlobalSection
	GlobalSection(ProjectConfigurationPlatforms) = postSolution
		{5D22CF4F-9E17-4894-B571-3F3396A3B4D8}.Debug|Any CPU.ActiveCfg = Debug|Any CPU
		{5D22CF4F-9E17-4894-B571-3F3396A3B4D8}.Debug|Any CPU.Build.0 = Debug|Any CPU
		{5D22CF4F-9E17-4894-B571-3F3396A3B4D8}.Release|Any CPU.ActiveCfg = Release|Any CPU
		{5D22CF4F-9E17-4894-B571-3F3396A3B4D8}.Release|Any CPU.Build.0 = Release|Any CPU
		{30FA8830-8590-4372-9DD3-5DDFB4102BC7}.Debug|Any CPU.ActiveCfg = Debug|Any CPU
		{30FA8830-8590-4372-9DD3-5DDFB4102BC7}.Debug|Any CPU.Build.0 = Debug|Any CPU
		{30FA8830-8590-4372-9DD3-5DDFB4102BC7}.Release|Any CPU.ActiveCfg = Release|Any CPU
		{30FA8830-8590-4372-9DD3-5DDFB4102BC7}.Release|Any CPU.Build.0 = Release|Any CPU
		{68E25650-F957-44A1-9C78-C48520BC5600}.Debug|Any CPU.ActiveCfg = Debug|Any CPU
		{68E25650-F957-44A1-9C78-C48520BC5600}.Debug|Any CPU.Build.0 = Debug|Any CPU
		{68E25650-F957-44A1-9C78-C48520BC5600}.Release|Any CPU.ActiveCfg = Release|Any CPU
		{68E25650-F957-44A1-9C78-C48520BC5600}.Release|Any CPU.Build.0 = Release|Any CPU
	EndGlobalSection
	GlobalSection(NestedProjects) = preSolution
		{A0FB3407-CB89-4607-8624-972334E1C70F} = {A4F356A4-DA57-4973-8C8F-BBB3030D2494}
		{30FA8830-8590-4372-9DD3-5DDFB4102BC7} = {A0FB3407-CB89-4607-8624-972334E1C70F}
		{68E25650-F957-44A1-9C78-C48520BC5600} = {CD5E11FB-6385-44C0-894C-9C41E08C9873}
	EndGlobalSection
EndGlobal
